
Microsoft Visual Studio Solution File, Format Version 12.00
# Visual Studio Version 16
VisualStudioVersion = 16.0.30330.147
MinimumVisualStudioVersion = 10.0.40219.1
Project("{FAE04EC0-301F-11D3-BF4B-00C04F79EFBC}") = "CollatzProject", "CollatzProject\CollatzProject.csproj", "{72AD94B5-5832-4E09-BBE9-1F66E4238932}"
EndProject
Global
	GlobalSection(SolutionConfigurationPlatforms) = preSolution
		Debug|Any CPU = Debug|Any CPU
		Release|Any CPU = Release|Any CPU
	EndGlobalSection
	GlobalSection(ProjectConfigurationPlatforms) = postSolution
		{72AD94B5-5832-4E09-BBE9-1F66E4238932}.Debug|Any CPU.ActiveCfg = Debug|Any CPU
		{72AD94B5-5832-4E09-BBE9-1F66E4238932}.Debug|Any CPU.Build.0 = Debug|Any CPU
		{72AD94B5-5832-4E09-BBE9-1F66E4238932}.Release|Any CPU.ActiveCfg = Release|Any CPU
		{72AD94B5-5832-4E09-BBE9-1F66E4238932}.Release|Any CPU.Build.0 = Release|Any CPU
	EndGlobalSection
	GlobalSection(SolutionProperties) = preSolution
		HideSolutionNode = FALSE
	EndGlobalSection
	GlobalSection(ExtensibilityGlobals) = postSolution
		SolutionGuid = {E66A0D26-F5F4-4287-926A-09CBA9CEAB86}
	EndGlobalSection
EndGlobal
